
Microsoft Visual Studio Solution File, Format Version 12.00
# Visual Studio Version 17
VisualStudioVersion = 17.3.32901.215
MinimumVisualStudioVersion = 10.0.40219.1
Project("{FAE04EC0-301F-11D3-BF4B-00C04F79EFBC}") = "SelfWorkGAME", "SelfWorkGAME\SelfWorkGAME.csproj", "{111C3152-15B4-415F-960E-27C339DBD6D1}"
EndProject
Project("{FAE04EC0-301F-11D3-BF4B-00C04F79EFBC}") = "Attempt1", "Attempt1\Attempt1.csproj", "{CA6667F5-B17C-4729-AD6C-44E32CFE9E59}"
EndProject
Project("{FAE04EC0-301F-11D3-BF4B-00C04F79EFBC}") = "Practice_8_WithMethodsGame", "Practice_8_WithMethodsGame\Practice_8_WithMethodsGame.csproj", "{EDF9C2DA-B673-4739-9717-3E0638E8884E}"
EndProject
Global
	GlobalSection(SolutionConfigurationPlatforms) = preSolution
		Debug|Any CPU = Debug|Any CPU
		Release|Any CPU = Release|Any CPU
	EndGlobalSection
	GlobalSection(ProjectConfigurationPlatforms) = postSolution
		{111C3152-15B4-415F-960E-27C339DBD6D1}.Debug|Any CPU.ActiveCfg = Debug|Any CPU
		{111C3152-15B4-415F-960E-27C339DBD6D1}.Debug|Any CPU.Build.0 = Debug|Any CPU
		{111C3152-15B4-415F-960E-27C339DBD6D1}.Release|Any CPU.ActiveCfg = Release|Any CPU
		{111C3152-15B4-415F-960E-27C339DBD6D1}.Release|Any CPU.Build.0 = Release|Any CPU
		{CA6667F5-B17C-4729-AD6C-44E32CFE9E59}.Debug|Any CPU.ActiveCfg = Debug|Any CPU
		{CA6667F5-B17C-4729-AD6C-44E32CFE9E59}.Debug|Any CPU.Build.0 = Debug|Any CPU
		{CA6667F5-B17C-4729-AD6C-44E32CFE9E59}.Release|Any CPU.ActiveCfg = Release|Any CPU
		{CA6667F5-B17C-4729-AD6C-44E32CFE9E59}.Release|Any CPU.Build.0 = Release|Any CPU
		{EDF9C2DA-B673-4739-9717-3E0638E8884E}.Debug|Any CPU.ActiveCfg = Debug|Any CPU
		{EDF9C2DA-B673-4739-9717-3E0638E8884E}.Debug|Any CPU.Build.0 = Debug|Any CPU
		{EDF9C2DA-B673-4739-9717-3E0638E8884E}.Release|Any CPU.ActiveCfg = Release|Any CPU
		{EDF9C2DA-B673-4739-9717-3E0638E8884E}.Release|Any CPU.Build.0 = Release|Any CPU
	EndGlobalSection
	GlobalSection(SolutionProperties) = preSolution
		HideSolutionNode = FALSE
	EndGlobalSection
	GlobalSection(ExtensibilityGlobals) = postSolution
		SolutionGuid = {21F13AD7-66BA-416B-B93B-FC22A44037EF}
	EndGlobalSection
EndGlobal
